{
  "version": 4,
  "terraform_version": "1.3.6",
  "serial": 9,
  "lineage": "71784887-3ff0-0a48-c8a6-3605d723aa7d",
  "outputs": {},
  "resources": [
    {
      "mode": "managed",
      "type": "google_project_iam_member",
      "name": "test-acc",
      "provider": "provider[\"registry.terraform.io/hashicorp/google\"]",
      "instances": [
        {
          "schema_version": 0,
          "attributes": {
            "condition": [],
            "etag": "BwXzczdfDAA=",
            "id": "kinaxis-service1/roles/viewer/serviceAccount:test-acc-sa2@kinaxis-service1.iam.gserviceaccount.com",
            "member": "serviceAccount:test-acc-sa2@kinaxis-service1.iam.gserviceaccount.com",
            "project": "kinaxis-service1",
            "role": "roles/viewer"
          },
          "sensitive_attributes": [],
          "private": "bnVsbA==",
          "dependencies": [
            "google_service_account.test-acc"
          ]
        }
      ]
    },
    {
      "mode": "managed",
      "type": "google_service_account",
      "name": "test-acc",
      "provider": "provider[\"registry.terraform.io/hashicorp/google\"]",
      "instances": [
        {
          "schema_version": 0,
          "attributes": {
            "account_id": "test-acc-sa2",
            "description": "",
            "disabled": false,
            "display_name": "Example Service Account",
            "email": "test-acc-sa2@kinaxis-service1.iam.gserviceaccount.com",
            "id": "projects/kinaxis-service1/serviceAccounts/test-acc-sa2@kinaxis-service1.iam.gserviceaccount.com",
            "member": "serviceAccount:test-acc-sa2@kinaxis-service1.iam.gserviceaccount.com",
            "name": "projects/kinaxis-service1/serviceAccounts/test-acc-sa2@kinaxis-service1.iam.gserviceaccount.com",
            "project": "kinaxis-service1",
            "timeouts": null,
            "unique_id": "106164955676423425712"
          },
          "sensitive_attributes": [],
          "private": "eyJlMmJmYjczMC1lY2FhLTExZTYtOGY4OC0zNDM2M2JjN2M0YzAiOnsiY3JlYXRlIjozMDAwMDAwMDAwMDB9fQ=="
        }
      ]
    }
  ],
  "check_results": null
}
