{
  "version": 4,
  "terraform_version": "1.3.6",
  "serial": 10,
  "lineage": "e5074e9e-6617-978b-6ce1-85768ca1a744",
  "outputs": {},
  "resources": [
    {
      "mode": "managed",
      "type": "google_data_fusion_instance",
      "name": "enterprise_instance",
      "provider": "provider[\"registry.terraform.io/hashicorp/google\"]",
      "instances": [
        {
          "status": "tainted",
          "schema_version": 0,
          "attributes": {
            "api_endpoint": "https://designcdf-terraform-kinaxis-service1-dot-usc1.datafusion.googleusercontent.com/api",
            "create_time": "2023-01-23T12:12:37.858216160Z",
            "crypto_key_config": [],
            "dataproc_service_account": "cdf-service1@kinaxis-service1.iam.gserviceaccount.com",
            "description": "kinaxis design time instance",
            "display_name": "designcdf-cs",
            "enable_rbac": true,
            "enable_stackdriver_logging": true,
            "enable_stackdriver_monitoring": true,
            "event_publish_config": [],
            "gcs_bucket": "gs://df-13623152267774748274-ikb4b543dai63bz2aizbbqaaaa",
            "id": "projects/kinaxis-service1/locations/us-central1/instances/designcdf-terraform",
            "labels": {
              "example_key": "cs-testing-terraform"
            },
            "name": "designcdf-terraform",
            "network_config": [
              {
                "ip_allocation": "172.28.76.0/22",
                "network": "projects/kinaxis-host/global/networks/shared-vpc-network"
              }
            ],
            "options": {},
            "p4_service_account": "service-420725557912@gcp-sa-datafusion.iam.gserviceaccount.com",
            "private_instance": true,
            "project": "kinaxis-service1",
            "region": "us-central1",
            "service_endpoint": "https://designcdf-terraform-kinaxis-service1-dot-usc1.datafusion.googleusercontent.com",
            "state": "ACTIVE",
            "state_message": "",
            "tenant_project_id": "x3f89f6f2fa2e81f7-tp",
            "timeouts": null,
            "type": "ENTERPRISE",
            "update_time": "2023-01-23T12:26:15.026019361Z",
            "version": "6.7.2",
            "zone": ""
          },
          "sensitive_attributes": [],
          "private": "eyJlMmJmYjczMC1lY2FhLTExZTYtOGY4OC0zNDM2M2JjN2M0YzAiOnsiY3JlYXRlIjo1NDAwMDAwMDAwMDAwLCJkZWxldGUiOjMwMDAwMDAwMDAwMDAsInVwZGF0ZSI6MTUwMDAwMDAwMDAwMH19"
        }
      ]
    }
  ],
  "check_results": null
}
