{
  "version": 4,
  "terraform_version": "1.3.6",
  "serial": 26,
  "lineage": "c0b41fc9-382e-1b40-e2c9-d32349551e67",
  "outputs": {},
  "resources": [
    {
      "mode": "managed",
      "type": "google_compute_global_address",
      "name": "private_ip_alloc",
      "provider": "provider[\"registry.terraform.io/hashicorp/google\"]",
      "instances": [
        {
          "schema_version": 0,
          "attributes": {
            "address": "10.108.100.0",
            "address_type": "INTERNAL",
            "creation_timestamp": "2023-02-01T10:08:39.366-08:00",
            "description": "",
            "id": "projects/kinaxis-host/global/addresses/datafusion-allocated-subnet",
            "ip_version": "",
            "name": "datafusion-allocated-subnet",
            "network": "https://www.googleapis.com/compute/v1/projects/kinaxis-host/global/networks/shared-vpc-network",
            "prefix_length": 22,
            "project": "kinaxis-host",
            "purpose": "VPC_PEERING",
            "self_link": "https://www.googleapis.com/compute/v1/projects/kinaxis-host/global/addresses/datafusion-allocated-subnet",
            "timeouts": null
          },
          "sensitive_attributes": [],
          "private": "eyJlMmJmYjczMC1lY2FhLTExZTYtOGY4OC0zNDM2M2JjN2M0YzAiOnsiY3JlYXRlIjoxMjAwMDAwMDAwMDAwLCJkZWxldGUiOjEyMDAwMDAwMDAwMDB9fQ=="
        }
      ]
    },
    {
      "mode": "managed",
      "type": "google_data_fusion_instance",
      "name": "enterprise_instance",
      "provider": "provider[\"registry.terraform.io/hashicorp/google\"]",
      "instances": [
        {
          "schema_version": 0,
          "attributes": {
            "api_endpoint": "https://kinaxis-cdf-kinaxis-service1-dot-usc1.datafusion.googleusercontent.com/api",
            "create_time": "2023-02-01T18:11:33.924497278Z",
            "crypto_key_config": [],
            "dataproc_service_account": "cdf-service1@kinaxis-service1.iam.gserviceaccount.com",
            "description": "enterprise kinaxis cdf instance",
            "display_name": "kinaxis-cdf",
            "enable_rbac": true,
            "enable_stackdriver_logging": true,
            "enable_stackdriver_monitoring": true,
            "event_publish_config": [],
            "gcs_bucket": "gs://df-509177201735266213-youbddfclqi63dsvaizbbqaaaa",
            "id": "projects/kinaxis-service1/locations/us-central1/instances/kinaxis-cdf",
            "labels": {
              "example_key": "kinaxis-demo-terrform-cdf"
            },
            "name": "kinaxis-cdf",
            "network_config": [
              {
                "ip_allocation": "10.108.100.0/22",
                "network": "projects/kinaxis-host/global/networks/shared-vpc-network"
              }
            ],
            "options": {
              "prober_test_run": "true"
            },
            "p4_service_account": "service-420725557912@gcp-sa-datafusion.iam.gserviceaccount.com",
            "private_instance": true,
            "project": "kinaxis-service1",
            "region": "us-central1",
            "service_endpoint": "https://kinaxis-cdf-kinaxis-service1-dot-usc1.datafusion.googleusercontent.com",
            "state": "ACTIVE",
            "state_message": "",
            "tenant_project_id": "x3f89f6f2fa2e81f7-tp",
            "timeouts": null,
            "type": "ENTERPRISE",
            "update_time": "2023-02-01T18:24:55.848340723Z",
            "version": "6.7.2",
            "zone": ""
          },
          "sensitive_attributes": [],
          "private": "eyJlMmJmYjczMC1lY2FhLTExZTYtOGY4OC0zNDM2M2JjN2M0YzAiOnsiY3JlYXRlIjo1NDAwMDAwMDAwMDAwLCJkZWxldGUiOjMwMDAwMDAwMDAwMDAsInVwZGF0ZSI6MTUwMDAwMDAwMDAwMH19",
          "dependencies": [
            "google_compute_global_address.private_ip_alloc"
          ]
        }
      ]
    }
  ],
  "check_results": null
}
